
Microsoft Visual Studio Solution File, Format Version 12.00
# Visual Studio Version 17
VisualStudioVersion = 17.4.33213.308
MinimumVisualStudioVersion = 10.0.40219.1
Project("{9A19103F-16F7-4668-BE54-9A1E7A4F7556}") = "WRMNGT.API", "WRMNGT.WebApi\WRMNGT.API.csproj", "{17CB5A1B-D171-4874-B549-50D73B95D781}"
EndProject
Project("{9A19103F-16F7-4668-BE54-9A1E7A4F7556}") = "WRMNGT.Infrastructure", "WRMNGT.Infrastructure\WRMNGT.Infrastructure.csproj", "{30FD6512-58DE-4545-B5AF-B9900C5A13B1}"
EndProject
Project("{9A19103F-16F7-4668-BE54-9A1E7A4F7556}") = "WRMNGT.Application", "WRMNGT.Application\WRMNGT.Application.csproj", "{A72B614F-6055-40B2-BB69-E755303D701E}"
EndProject
Project("{9A19103F-16F7-4668-BE54-9A1E7A4F7556}") = "WRMNGT.Domain", "WRMNGT.Core.Domain\WRMNGT.Domain.csproj", "{21B987CB-4DFB-434E-85E9-91BFFFA7C683}"
EndProject
Project("{9A19103F-16F7-4668-BE54-9A1E7A4F7556}") = "WRMNGT.Data", "WRMNGT.Data\WRMNGT.Data.csproj", "{E6C7F6CE-D362-40AD-B129-B926EB3E179D}"
EndProject
Project("{2150E333-8FDC-42A3-9474-1A3956D46DE8}") = "src", "src", "{CBBE1306-7CD5-4BEF-8903-103CABD64ADE}"
EndProject
Project("{2150E333-8FDC-42A3-9474-1A3956D46DE8}") = "Tests", "Tests", "{E9AE8057-4578-4BCC-A53F-7B855110CB58}"
EndProject
Project("{FAE04EC0-301F-11D3-BF4B-00C04F79EFBC}") = "WRMNGT.Tests", "WRMNGT.Tests\WRMNGT.Tests.csproj", "{F1DDC7CF-73F4-465C-8C51-7762273508F0}"
EndProject
Project("{2150E333-8FDC-42A3-9474-1A3956D46DE8}") = "docs", "docs", "{09274738-EE64-4E07-ADC6-11A2F37ED9D5}"
	ProjectSection(SolutionItems) = preProject
		README.md = README.md
	EndProjectSection
EndProject
Global
	GlobalSection(SolutionConfigurationPlatforms) = preSolution
		Debug|Any CPU = Debug|Any CPU
		Release|Any CPU = Release|Any CPU
	EndGlobalSection
	GlobalSection(ProjectConfigurationPlatforms) = postSolution
		{17CB5A1B-D171-4874-B549-50D73B95D781}.Debug|Any CPU.ActiveCfg = Debug|Any CPU
		{17CB5A1B-D171-4874-B549-50D73B95D781}.Debug|Any CPU.Build.0 = Debug|Any CPU
		{17CB5A1B-D171-4874-B549-50D73B95D781}.Release|Any CPU.ActiveCfg = Release|Any CPU
		{17CB5A1B-D171-4874-B549-50D73B95D781}.Release|Any CPU.Build.0 = Release|Any CPU
		{30FD6512-58DE-4545-B5AF-B9900C5A13B1}.Debug|Any CPU.ActiveCfg = Debug|Any CPU
		{30FD6512-58DE-4545-B5AF-B9900C5A13B1}.Debug|Any CPU.Build.0 = Debug|Any CPU
		{30FD6512-58DE-4545-B5AF-B9900C5A13B1}.Release|Any CPU.ActiveCfg = Release|Any CPU
		{30FD6512-58DE-4545-B5AF-B9900C5A13B1}.Release|Any CPU.Build.0 = Release|Any CPU
		{A72B614F-6055-40B2-BB69-E755303D701E}.Debug|Any CPU.ActiveCfg = Debug|Any CPU
		{A72B614F-6055-40B2-BB69-E755303D701E}.Debug|Any CPU.Build.0 = Debug|Any CPU
		{A72B614F-6055-40B2-BB69-E755303D701E}.Release|Any CPU.ActiveCfg = Release|Any CPU
		{A72B614F-6055-40B2-BB69-E755303D701E}.Release|Any CPU.Build.0 = Release|Any CPU
		{21B987CB-4DFB-434E-85E9-91BFFFA7C683}.Debug|Any CPU.ActiveCfg = Debug|Any CPU
		{21B987CB-4DFB-434E-85E9-91BFFFA7C683}.Debug|Any CPU.Build.0 = Debug|Any CPU
		{21B987CB-4DFB-434E-85E9-91BFFFA7C683}.Release|Any CPU.ActiveCfg = Release|Any CPU
		{21B987CB-4DFB-434E-85E9-91BFFFA7C683}.Release|Any CPU.Build.0 = Release|Any CPU
		{E6C7F6CE-D362-40AD-B129-B926EB3E179D}.Debug|Any CPU.ActiveCfg = Debug|Any CPU
		{E6C7F6CE-D362-40AD-B129-B926EB3E179D}.Debug|Any CPU.Build.0 = Debug|Any CPU
		{E6C7F6CE-D362-40AD-B129-B926EB3E179D}.Release|Any CPU.ActiveCfg = Release|Any CPU
		{E6C7F6CE-D362-40AD-B129-B926EB3E179D}.Release|Any CPU.Build.0 = Release|Any CPU
		{F1DDC7CF-73F4-465C-8C51-7762273508F0}.Debug|Any CPU.ActiveCfg = Debug|Any CPU
		{F1DDC7CF-73F4-465C-8C51-7762273508F0}.Debug|Any CPU.Build.0 = Debug|Any CPU
		{F1DDC7CF-73F4-465C-8C51-7762273508F0}.Release|Any CPU.ActiveCfg = Release|Any CPU
		{F1DDC7CF-73F4-465C-8C51-7762273508F0}.Release|Any CPU.Build.0 = Release|Any CPU
	EndGlobalSection
	GlobalSection(SolutionProperties) = preSolution
		HideSolutionNode = FALSE
	EndGlobalSection
	GlobalSection(NestedProjects) = preSolution
		{17CB5A1B-D171-4874-B549-50D73B95D781} = {CBBE1306-7CD5-4BEF-8903-103CABD64ADE}
		{30FD6512-58DE-4545-B5AF-B9900C5A13B1} = {CBBE1306-7CD5-4BEF-8903-103CABD64ADE}
		{A72B614F-6055-40B2-BB69-E755303D701E} = {CBBE1306-7CD5-4BEF-8903-103CABD64ADE}
		{21B987CB-4DFB-434E-85E9-91BFFFA7C683} = {CBBE1306-7CD5-4BEF-8903-103CABD64ADE}
		{E6C7F6CE-D362-40AD-B129-B926EB3E179D} = {CBBE1306-7CD5-4BEF-8903-103CABD64ADE}
		{F1DDC7CF-73F4-465C-8C51-7762273508F0} = {E9AE8057-4578-4BCC-A53F-7B855110CB58}
	EndGlobalSection
	GlobalSection(ExtensibilityGlobals) = postSolution
		SolutionGuid = {A0C75E62-B81E-4C5F-8C55-BF81862B5A1A}
	EndGlobalSection
EndGlobal
